
Microsoft Visual Studio Solution File, Format Version 12.00
# Visual Studio Version 17
VisualStudioVersion = 17.0.31903.59
MinimumVisualStudioVersion = 10.0.40219.1
Project("{2150E333-8FDC-42A3-9474-1A3956D46DE8}") = "src", "src", "{3B13B7B7-E27A-4DFC-9486-0035E6907934}"
EndProject
Project("{FAE04EC0-301F-11D3-BF4B-00C04F79EFBC}") = "DynastyTools", "src\DynastyTools\DynastyTools.csproj", "{3318C855-594C-4F78-B54D-E0C3F8DF219C}"
EndProject
Project("{2150E333-8FDC-42A3-9474-1A3956D46DE8}") = "tests", "tests", "{2AF6D444-EAC2-4ED1-A84D-4C1725C250DF}"
EndProject
Project("{FAE04EC0-301F-11D3-BF4B-00C04F79EFBC}") = "DynastyTools.Tests", "tests\DynastyTools.Tests\DynastyTools.Tests.csproj", "{8397E750-9CCE-46A3-8A5A-D4690FDD79CE}"
EndProject
Global
	GlobalSection(SolutionConfigurationPlatforms) = preSolution
		Debug|Any CPU = Debug|Any CPU
		Release|Any CPU = Release|Any CPU
	EndGlobalSection
	GlobalSection(SolutionProperties) = preSolution
		HideSolutionNode = FALSE
	EndGlobalSection
	GlobalSection(ProjectConfigurationPlatforms) = postSolution
		{3318C855-594C-4F78-B54D-E0C3F8DF219C}.Debug|Any CPU.ActiveCfg = Debug|Any CPU
		{3318C855-594C-4F78-B54D-E0C3F8DF219C}.Debug|Any CPU.Build.0 = Debug|Any CPU
		{3318C855-594C-4F78-B54D-E0C3F8DF219C}.Release|Any CPU.ActiveCfg = Release|Any CPU
		{3318C855-594C-4F78-B54D-E0C3F8DF219C}.Release|Any CPU.Build.0 = Release|Any CPU
		{8397E750-9CCE-46A3-8A5A-D4690FDD79CE}.Debug|Any CPU.ActiveCfg = Debug|Any CPU
		{8397E750-9CCE-46A3-8A5A-D4690FDD79CE}.Debug|Any CPU.Build.0 = Debug|Any CPU
		{8397E750-9CCE-46A3-8A5A-D4690FDD79CE}.Release|Any CPU.ActiveCfg = Release|Any CPU
		{8397E750-9CCE-46A3-8A5A-D4690FDD79CE}.Release|Any CPU.Build.0 = Release|Any CPU
	EndGlobalSection
	GlobalSection(NestedProjects) = preSolution
		{3318C855-594C-4F78-B54D-E0C3F8DF219C} = {3B13B7B7-E27A-4DFC-9486-0035E6907934}
		{8397E750-9CCE-46A3-8A5A-D4690FDD79CE} = {2AF6D444-EAC2-4ED1-A84D-4C1725C250DF}
	EndGlobalSection
EndGlobal
